
Microsoft Visual Studio Solution File, Format Version 12.00
# Visual Studio Version 16
VisualStudioVersion = 25.0.1706.1
MinimumVisualStudioVersion = 10.0.40219.1
Project("{FAE04EC0-301F-11D3-BF4B-00C04F79EFBC}") = "BulkyWeb", "BulkyWeb\BulkyWeb.csproj", "{FD530F20-F50E-4782-BC35-82BF8FBEC95D}"
EndProject
Global
	GlobalSection(SolutionConfigurationPlatforms) = preSolution
		Debug|Any CPU = Debug|Any CPU
		Release|Any CPU = Release|Any CPU
	EndGlobalSection
	GlobalSection(ProjectConfigurationPlatforms) = postSolution
		{FD530F20-F50E-4782-BC35-82BF8FBEC95D}.Debug|Any CPU.ActiveCfg = Debug|Any CPU
		{FD530F20-F50E-4782-BC35-82BF8FBEC95D}.Debug|Any CPU.Build.0 = Debug|Any CPU
		{FD530F20-F50E-4782-BC35-82BF8FBEC95D}.Release|Any CPU.ActiveCfg = Release|Any CPU
		{FD530F20-F50E-4782-BC35-82BF8FBEC95D}.Release|Any CPU.Build.0 = Release|Any CPU
	EndGlobalSection
	GlobalSection(SolutionProperties) = preSolution
		HideSolutionNode = FALSE
	EndGlobalSection
	GlobalSection(ExtensibilityGlobals) = postSolution
		SolutionGuid = {5CB5F591-8C98-41DE-B126-7A48A00EB751}
	EndGlobalSection
EndGlobal
